# THIS IS AN AUTOGENERATED FILE. DO NOT EDIT THIS FILE DIRECTLY.
# yarn lockfile v1


react-fast-accordion@^2.0.10:
  version "2.0.10"
  resolved "https://registry.yarnpkg.com/react-fast-accordion/-/react-fast-accordion-2.0.10.tgz#408f090138c5577c39cfb5db6ff2765e3fdc728d"
  integrity sha512-qIKMZXst/SvpHA1LRSurrWqfipsGPIstG8K/aHsU15XF/TY3C7lv92ZHMArthu7VHQEYu+w7CpKW50B3oiZI2Q==
